github.com/davecgh/go-spew v1.1.0 h1:ZDRjVQ15GmhC3fiQ8ni8+OwkZQO4DARzQgrnXU1Liz8=
github.com/davecgh/go-spew v1.1.0/go.mod h1:J7Y8YcW2NihsgmVo/mv3lAwl/skON4iLHjSsI+c5H38=
github.com/pions/rtcp v1.1.2 h1:gTb+GOvOYDRZb+3OgZz5PE51xrHGZL0WIM5X37dGi60=
github.com/pions/rtcp v1.1.2/go.mod h1:E8DBOVSErqbHrUEs8KINt3yhzO7FvKuZr2bVUKTvyaw=
github.com/pions/rtp v1.1.0 h1:aioiXSi2UclJptFRqmii76GTrlgry5ucCGtdKc+5VDs=
github.com/pions/rtp v1.1.0/go.mod h1:Bro/2l0PS5C3SQaEpLA+H34kpKIurx3K2Zln/nKjRMs=
github.com/pions/transport v0.4.0 h1:1N6fluzmj5W/16eFLDsCB18s/xEkjVTek0K4IJz75FU=
github.com/pions/transport v0.4.0/go.mod h1:9gvUd8ZeyU4ZX7dhNuUq97mPoekopkd7eCJEyhKwVO0=
github.com/pkg/errors v0.8.1 h1:iURUrRGxPUNPdy5/HRSm+Yj6okJ6UtLINN0Q9M4+h3I=
github.com/pkg/errors v0.8.1/go.mod h1:bwawxfHBFNV+L2hUp1rHADufV3IMtnDRdf1r5NINEl0=
github.com/pmezard/go-difflib v1.0.0 h1:4DBwDE0NGyQoBHbLQYPwSUPoCMWR5BEzIk/f1lZbAQM=
github.com/pmezard/go-difflib v1.0.0/go.mod h1:iKH77koFhYxTK1pcRnkKkqfTogsbg7gZNVY4sRDYZ/4=
github.com/stretchr/objx v0.1.0/go.mod h1:HFkY916IF+rwdDfMAkV7OtwuqBVzrE8GR6GFx+wExME=
github.com/stretchr/testify v1.3.0 h1:TivCn/peBQ7UY8ooIcPgZFpTNSz0Q2U6UrFlUfqbe0Q=
github.com/stretchr/testify v1.3.0/go.mod h1:M5WIy9Dh21IEIfnGCwXGc5bZfKNJtfHm1UVUgZn+9EI=
